
Microsoft Visual Studio Solution File, Format Version 12.00
# Visual Studio Version 16
VisualStudioVersion = 16.0.31112.23
MinimumVisualStudioVersion = 10.0.40219.1
Project("{FAE04EC0-301F-11D3-BF4B-00C04F79EFBC}") = "SymLinkTool", "SymLinkTool\SymLinkTool.csproj", "{BB197865-B778-4CDA-93B5-3A462F783BD5}"
EndProject
Global
	GlobalSection(SolutionConfigurationPlatforms) = preSolution
		Debug|Any CPU = Debug|Any CPU
		Release|Any CPU = Release|Any CPU
	EndGlobalSection
	GlobalSection(ProjectConfigurationPlatforms) = postSolution
		{BB197865-B778-4CDA-93B5-3A462F783BD5}.Debug|Any CPU.ActiveCfg = Debug|Any CPU
		{BB197865-B778-4CDA-93B5-3A462F783BD5}.Debug|Any CPU.Build.0 = Debug|Any CPU
		{BB197865-B778-4CDA-93B5-3A462F783BD5}.Release|Any CPU.ActiveCfg = Release|Any CPU
		{BB197865-B778-4CDA-93B5-3A462F783BD5}.Release|Any CPU.Build.0 = Release|Any CPU
	EndGlobalSection
	GlobalSection(SolutionProperties) = preSolution
		HideSolutionNode = FALSE
	EndGlobalSection
	GlobalSection(ExtensibilityGlobals) = postSolution
		SolutionGuid = {4A25A1A9-FB14-4F3A-8B39-C7539EC962D8}
	EndGlobalSection
EndGlobal
